{
  "originHash" : "09977fd96f0f62812994dbb7469c4f715d3c3dde741066dcac6fc1571a60f6a0",
  "pins" : [
    {
      "identity" : "graphql",
      "kind" : "remoteSourceControl",
      "location" : "https://github.com/GraphQLSwift/GraphQL.git",
      "state" : {
        "revision" : "bd5419f714043bdaf0f182838111fa8c9372c77f",
        "version" : "3.0.2"
      }
    },
    {
      "identity" : "swift-argument-parser",
      "kind" : "remoteSourceControl",
      "location" : "https://github.com/apple/swift-argument-parser.git",
      "state" : {
        "revision" : "41982a3656a71c768319979febd796c6fd111d5c",
        "version" : "1.5.0"
      }
    },
    {
      "identity" : "swift-collections",
      "kind" : "remoteSourceControl",
      "location" : "https://github.com/apple/swift-collections",
      "state" : {
        "revision" : "48254824bb4248676bf7ce56014ff57b142b77eb",
        "version" : "1.0.2"
      }
    },
    {
      "identity" : "swift-nio",
      "kind" : "remoteSourceControl",
      "location" : "https://github.com/apple/swift-nio.git",
      "state" : {
        "revision" : "154f1d32366449dcccf6375a173adf4ed2a74429",
        "version" : "2.38.0"
      }
    }
  ],
  "version" : 3
}
